// !$*UTF8*$!
{
	archiveVersion = 1;
	classes = {
	};
	objectVersion = 46;
	objects = {

/* Begin PBXBuildFile section */
		C349B68516B81CD3000F9E38 /* Carbon.framework in Frameworks */ = {isa = PBXBuildFile; fileRef = C349B68416B81CD3000F9E38 /* Carbon.framework */; };
		C349B68B16B82755000F9E38 /* appicon.iconset in Resources */ = {isa = PBXBuildFile; fileRef = C349B68A16B82755000F9E38 /* appicon.iconset */; };
		C349B68D16B82903000F9E38 /* appicon.icns in Resources */ = {isa = PBXBuildFile; fileRef = C349B68C16B82903000F9E38 /* appicon.icns */; };
		C3E0960716931A6E00CCC9AB /* Cocoa.framework in Frameworks */ = {isa = PBXBuildFile; fileRef = C3E0960616931A6E00CCC9AB /* Cocoa.framework */; };
		C3E0961116931A6E00CCC9AB /* InfoPlist.strings in Resources */ = {isa = PBXBuildFile; fileRef = C3E0960F16931A6E00CCC9AB /* InfoPlist.strings */; };
		C3E0961316931A6E00CCC9AB /* main.m in Sources */ = {isa = PBXBuildFile; fileRef = C3E0961216931A6E00CCC9AB /* main.m */; };
		C3E0961716931A6E00CCC9AB /* Credits.rtf in Resources */ = {isa = PBXBuildFile; fileRef = C3E0961516931A6E00CCC9AB /* Credits.rtf */; };
		C3E0961A16931A6E00CCC9AB /* AppDelegate.m in Sources */ = {isa = PBXBuildFile; fileRef = C3E0961916931A6E00CCC9AB /* AppDelegate.m */; };
		C3E0961D16931A6E00CCC9AB /* MainMenu.xib in Resources */ = {isa = PBXBuildFile; fileRef = C3E0961B16931A6E00CCC9AB /* MainMenu.xib */; };
		C3E0963E16933BA900CCC9AB /* Mixer.m in Sources */ = {isa = PBXBuildFile; fileRef = C3E0963D16933BA900CCC9AB /* Mixer.m */; };
		C3E0964216934E8100CCC9AB /* AppleScriptObjC.framework in Frameworks */ = {isa = PBXBuildFile; fileRef = C3E0964116934E8100CCC9AB /* AppleScriptObjC.framework */; };
		C3E0964416934FF400CCC9AB /* DefaultInput.applescript in Sources */ = {isa = PBXBuildFile; fileRef = C3E0964316934FF400CCC9AB /* DefaultInput.applescript */; };
		C3E0965E169370E600CCC9AB /* on.png in Resources */ = {isa = PBXBuildFile; fileRef = C3E0965A169370E500CCC9AB /* on.png */; };
		C3E0965F169370E600CCC9AB /* on-highlighted.png in Resources */ = {isa = PBXBuildFile; fileRef = C3E0965B169370E500CCC9AB /* on-highlighted.png */; };
		C3E09660169370E600CCC9AB /* off.png in Resources */ = {isa = PBXBuildFile; fileRef = C3E0965C169370E600CCC9AB /* off.png */; };
		C3E09661169370E600CCC9AB /* off-highlighted.png in Resources */ = {isa = PBXBuildFile; fileRef = C3E0965D169370E600CCC9AB /* off-highlighted.png */; };
/* End PBXBuildFile section */

/* Begin PBXFileReference section */
		C349B68416B81CD3000F9E38 /* Carbon.framework */ = {isa = PBXFileReference; lastKnownFileType = wrapper.framework; name = Carbon.framework; path = System/Library/Frameworks/Carbon.framework; sourceTree = SDKROOT; };
		C349B68A16B82755000F9E38 /* appicon.iconset */ = {isa = PBXFileReference; lastKnownFileType = folder.iconset; name = appicon.iconset; path = ../appicon.iconset; sourceTree = "<group>"; };
		C349B68C16B82903000F9E38 /* appicon.icns */ = {isa = PBXFileReference; lastKnownFileType = image.icns; path = appicon.icns; sourceTree = SOURCE_ROOT; };
		C3E0960216931A6E00CCC9AB /* Mute.app */ = {isa = PBXFileReference; explicitFileType = wrapper.application; includeInIndex = 0; path = Mute.app; sourceTree = BUILT_PRODUCTS_DIR; };
		C3E0960616931A6E00CCC9AB /* Cocoa.framework */ = {isa = PBXFileReference; lastKnownFileType = wrapper.framework; name = Cocoa.framework; path = System/Library/Frameworks/Cocoa.framework; sourceTree = SDKROOT; };
		C3E0960916931A6E00CCC9AB /* AppKit.framework */ = {isa = PBXFileReference; lastKnownFileType = wrapper.framework; name = AppKit.framework; path = System/Library/Frameworks/AppKit.framework; sourceTree = SDKROOT; };
		C3E0960A16931A6E00CCC9AB /* CoreData.framework */ = {isa = PBXFileReference; lastKnownFileType = wrapper.framework; name = CoreData.framework; path = System/Library/Frameworks/CoreData.framework; sourceTree = SDKROOT; };
		C3E0960B16931A6E00CCC9AB /* Foundation.framework */ = {isa = PBXFileReference; lastKnownFileType = wrapper.framework; name = Foundation.framework; path = System/Library/Frameworks/Foundation.framework; sourceTree = SDKROOT; };
		C3E0960E16931A6E00CCC9AB /* Mute-Info.plist */ = {isa = PBXFileReference; lastKnownFileType = text.plist.xml; path = "Mute-Info.plist"; sourceTree = "<group>"; };
		C3E0961016931A6E00CCC9AB /* en */ = {isa = PBXFileReference; lastKnownFileType = text.plist.strings; name = en; path = en.lproj/InfoPlist.strings; sourceTree = "<group>"; };
		C3E0961216931A6E00CCC9AB /* main.m */ = {isa = PBXFileReference; lastKnownFileType = sourcecode.c.objc; path = main.m; sourceTree = "<group>"; };
		C3E0961416931A6E00CCC9AB /* Mute-Prefix.pch */ = {isa = PBXFileReference; lastKnownFileType = sourcecode.c.h; path = "Mute-Prefix.pch"; sourceTree = "<group>"; };
		C3E0961616931A6E00CCC9AB /* en */ = {isa = PBXFileReference; lastKnownFileType = text.rtf; name = en; path = en.lproj/Credits.rtf; sourceTree = "<group>"; };
		C3E0961816931A6E00CCC9AB /* AppDelegate.h */ = {isa = PBXFileReference; lastKnownFileType = sourcecode.c.h; path = AppDelegate.h; sourceTree = "<group>"; };
		C3E0961916931A6E00CCC9AB /* AppDelegate.m */ = {isa = PBXFileReference; lastKnownFileType = sourcecode.c.objc; path = AppDelegate.m; sourceTree = "<group>"; };
		C3E0961C16931A6E00CCC9AB /* en */ = {isa = PBXFileReference; lastKnownFileType = file.xib; name = en; path = en.lproj/MainMenu.xib; sourceTree = "<group>"; };
		C3E0963C16933BA900CCC9AB /* Mixer.h */ = {isa = PBXFileReference; fileEncoding = 4; lastKnownFileType = sourcecode.c.h; path = Mixer.h; sourceTree = "<group>"; };
		C3E0963D16933BA900CCC9AB /* Mixer.m */ = {isa = PBXFileReference; fileEncoding = 4; lastKnownFileType = sourcecode.c.objc; path = Mixer.m; sourceTree = "<group>"; };
		C3E0964116934E8100CCC9AB /* AppleScriptObjC.framework */ = {isa = PBXFileReference; lastKnownFileType = wrapper.framework; name = AppleScriptObjC.framework; path = System/Library/Frameworks/AppleScriptObjC.framework; sourceTree = SDKROOT; };
		C3E0964316934FF400CCC9AB /* DefaultInput.applescript */ = {isa = PBXFileReference; fileEncoding = 4; lastKnownFileType = sourcecode.applescript; path = DefaultInput.applescript; sourceTree = "<group>"; };
		C3E0965A169370E500CCC9AB /* on.png */ = {isa = PBXFileReference; lastKnownFileType = image.png; path = on.png; sourceTree = "<group>"; };
		C3E0965B169370E500CCC9AB /* on-highlighted.png */ = {isa = PBXFileReference; lastKnownFileType = image.png; path = "on-highlighted.png"; sourceTree = "<group>"; };
		C3E0965C169370E600CCC9AB /* off.png */ = {isa = PBXFileReference; lastKnownFileType = image.png; path = off.png; sourceTree = "<group>"; };
		C3E0965D169370E600CCC9AB /* off-highlighted.png */ = {isa = PBXFileReference; lastKnownFileType = image.png; path = "off-highlighted.png"; sourceTree = "<group>"; };
/* End PBXFileReference section */

/* Begin PBXFrameworksBuildPhase section */
		C3E095FF16931A6E00CCC9AB /* Frameworks */ = {
			isa = PBXFrameworksBuildPhase;
			buildActionMask = 2147483647;
			files = (
				C349B68516B81CD3000F9E38 /* Carbon.framework in Frameworks */,
				C3E0964216934E8100CCC9AB /* AppleScriptObjC.framework in Frameworks */,
				C3E0960716931A6E00CCC9AB /* Cocoa.framework in Frameworks */,
			);
			runOnlyForDeploymentPostprocessing = 0;
		};
/* End PBXFrameworksBuildPhase section */

/* Begin PBXGroup section */
		C3E095F716931A6E00CCC9AB = {
			isa = PBXGroup;
			children = (
				C3E0960C16931A6E00CCC9AB /* Mute */,
				C3E0960516931A6E00CCC9AB /* Frameworks */,
				C3E0960316931A6E00CCC9AB /* Products */,
			);
			sourceTree = "<group>";
		};
		C3E0960316931A6E00CCC9AB /* Products */ = {
			isa = PBXGroup;
			children = (
				C3E0960216931A6E00CCC9AB /* Mute.app */,
			);
			name = Products;
			sourceTree = "<group>";
		};
		C3E0960516931A6E00CCC9AB /* Frameworks */ = {
			isa = PBXGroup;
			children = (
				C349B68416B81CD3000F9E38 /* Carbon.framework */,
				C3E0964116934E8100CCC9AB /* AppleScriptObjC.framework */,
				C3E0960616931A6E00CCC9AB /* Cocoa.framework */,
				C3E0960816931A6E00CCC9AB /* Other Frameworks */,
			);
			name = Frameworks;
			sourceTree = "<group>";
		};
		C3E0960816931A6E00CCC9AB /* Other Frameworks */ = {
			isa = PBXGroup;
			children = (
				C3E0960916931A6E00CCC9AB /* AppKit.framework */,
				C3E0960A16931A6E00CCC9AB /* CoreData.framework */,
				C3E0960B16931A6E00CCC9AB /* Foundation.framework */,
			);
			name = "Other Frameworks";
			sourceTree = "<group>";
		};
		C3E0960C16931A6E00CCC9AB /* Mute */ = {
			isa = PBXGroup;
			children = (
				C3E0961816931A6E00CCC9AB /* AppDelegate.h */,
				C3E0961916931A6E00CCC9AB /* AppDelegate.m */,
				C3E0961B16931A6E00CCC9AB /* MainMenu.xib */,
				C3E0963C16933BA900CCC9AB /* Mixer.h */,
				C3E0963D16933BA900CCC9AB /* Mixer.m */,
				C3E0964316934FF400CCC9AB /* DefaultInput.applescript */,
				C3E09662169370E900CCC9AB /* images */,
				C3E0960D16931A6E00CCC9AB /* Supporting Files */,
			);
			path = Mute;
			sourceTree = "<group>";
		};
		C3E0960D16931A6E00CCC9AB /* Supporting Files */ = {
			isa = PBXGroup;
			children = (
				C3E0960E16931A6E00CCC9AB /* Mute-Info.plist */,
				C3E0960F16931A6E00CCC9AB /* InfoPlist.strings */,
				C3E0961216931A6E00CCC9AB /* main.m */,
				C3E0961416931A6E00CCC9AB /* Mute-Prefix.pch */,
				C3E0961516931A6E00CCC9AB /* Credits.rtf */,
			);
			name = "Supporting Files";
			sourceTree = "<group>";
		};
		C3E09662169370E900CCC9AB /* images */ = {
			isa = PBXGroup;
			children = (
				C349B68A16B82755000F9E38 /* appicon.iconset */,
				C349B68C16B82903000F9E38 /* appicon.icns */,
				C3E0965A169370E500CCC9AB /* on.png */,
				C3E0965B169370E500CCC9AB /* on-highlighted.png */,
				C3E0965C169370E600CCC9AB /* off.png */,
				C3E0965D169370E600CCC9AB /* off-highlighted.png */,
			);
			name = images;
			sourceTree = "<group>";
		};
/* End PBXGroup section */

/* Begin PBXNativeTarget section */
		C3E0960116931A6E00CCC9AB /* Mute */ = {
			isa = PBXNativeTarget;
			buildConfigurationList = C3E0962016931A6E00CCC9AB /* Build configuration list for PBXNativeTarget "Mute" */;
			buildPhases = (
				C3E095FE16931A6E00CCC9AB /* Sources */,
				C3E095FF16931A6E00CCC9AB /* Frameworks */,
				C3E0960016931A6E00CCC9AB /* Resources */,
				C3E0962B169323A800CCC9AB /* Update Build Number */,
			);
			buildRules = (
			);
			dependencies = (
			);
			name = Mute;
			productName = Mute;
			productReference = C3E0960216931A6E00CCC9AB /* Mute.app */;
			productType = "com.apple.product-type.application";
		};
/* End PBXNativeTarget section */

/* Begin PBXProject section */
		C3E095F916931A6E00CCC9AB /* Project object */ = {
			isa = PBXProject;
			attributes = {
				LastUpgradeCheck = 0450;
				ORGANIZATIONNAME = TILOA;
			};
			buildConfigurationList = C3E095FC16931A6E00CCC9AB /* Build configuration list for PBXProject "Mute" */;
			compatibilityVersion = "Xcode 3.2";
			developmentRegion = English;
			hasScannedForEncodings = 0;
			knownRegions = (
				en,
			);
			mainGroup = C3E095F716931A6E00CCC9AB;
			productRefGroup = C3E0960316931A6E00CCC9AB /* Products */;
			projectDirPath = "";
			projectRoot = "";
			targets = (
				C3E0960116931A6E00CCC9AB /* Mute */,
			);
		};
/* End PBXProject section */

/* Begin PBXResourcesBuildPhase section */
		C3E0960016931A6E00CCC9AB /* Resources */ = {
			isa = PBXResourcesBuildPhase;
			buildActionMask = 2147483647;
			files = (
				C3E0961116931A6E00CCC9AB /* InfoPlist.strings in Resources */,
				C3E0961716931A6E00CCC9AB /* Credits.rtf in Resources */,
				C3E0961D16931A6E00CCC9AB /* MainMenu.xib in Resources */,
				C3E0965E169370E600CCC9AB /* on.png in Resources */,
				C3E0965F169370E600CCC9AB /* on-highlighted.png in Resources */,
				C3E09660169370E600CCC9AB /* off.png in Resources */,
				C3E09661169370E600CCC9AB /* off-highlighted.png in Resources */,
				C349B68B16B82755000F9E38 /* appicon.iconset in Resources */,
				C349B68D16B82903000F9E38 /* appicon.icns in Resources */,
			);
			runOnlyForDeploymentPostprocessing = 0;
		};
/* End PBXResourcesBuildPhase section */

/* Begin PBXShellScriptBuildPhase section */
		C3E0962B169323A800CCC9AB /* Update Build Number */ = {
			isa = PBXShellScriptBuildPhase;
			buildActionMask = 2147483647;
			files = (
			);
			inputPaths = (
			);
			name = "Update Build Number";
			outputPaths = (
			);
			runOnlyForDeploymentPostprocessing = 0;
			shellPath = /bin/sh;
			shellScript = "#!/bin/bash\n\nbuildPlist=${INFOPLIST_FILE}\nbuildNumber=$(/usr/libexec/PlistBuddy -c \"Print CFBundleVersion\" $buildPlist)\nbuildNumber=$(($buildNumber + 1))\n/usr/libexec/PlistBuddy -c \"Set :CFBundleVersion $buildNumber\" $buildPlist";
		};
/* End PBXShellScriptBuildPhase section */

/* Begin PBXSourcesBuildPhase section */
		C3E095FE16931A6E00CCC9AB /* Sources */ = {
			isa = PBXSourcesBuildPhase;
			buildActionMask = 2147483647;
			files = (
				C3E0961316931A6E00CCC9AB /* main.m in Sources */,
				C3E0961A16931A6E00CCC9AB /* AppDelegate.m in Sources */,
				C3E0963E16933BA900CCC9AB /* Mixer.m in Sources */,
				C3E0964416934FF400CCC9AB /* DefaultInput.applescript in Sources */,
			);
			runOnlyForDeploymentPostprocessing = 0;
		};
/* End PBXSourcesBuildPhase section */

/* Begin PBXVariantGroup section */
		C3E0960F16931A6E00CCC9AB /* InfoPlist.strings */ = {
			isa = PBXVariantGroup;
			children = (
				C3E0961016931A6E00CCC9AB /* en */,
			);
			name = InfoPlist.strings;
			sourceTree = "<group>";
		};
		C3E0961516931A6E00CCC9AB /* Credits.rtf */ = {
			isa = PBXVariantGroup;
			children = (
				C3E0961616931A6E00CCC9AB /* en */,
			);
			name = Credits.rtf;
			sourceTree = "<group>";
		};
		C3E0961B16931A6E00CCC9AB /* MainMenu.xib */ = {
			isa = PBXVariantGroup;
			children = (
				C3E0961C16931A6E00CCC9AB /* en */,
			);
			name = MainMenu.xib;
			sourceTree = "<group>";
		};
/* End PBXVariantGroup section */

/* Begin XCBuildConfiguration section */
		C3E0961E16931A6E00CCC9AB /* Debug */ = {
			isa = XCBuildConfiguration;
			buildSettings = {
				ALWAYS_SEARCH_USER_PATHS = NO;
				ARCHS = "$(ARCHS_STANDARD_64_BIT)";
				CLANG_CXX_LANGUAGE_STANDARD = "gnu++0x";
				CLANG_CXX_LIBRARY = "libc++";
				CLANG_ENABLE_OBJC_ARC = YES;
				CLANG_WARN_EMPTY_BODY = YES;
				CLANG_WARN__DUPLICATE_METHOD_MATCH = YES;
				COPY_PHASE_STRIP = NO;
				GCC_C_LANGUAGE_STANDARD = gnu99;
				GCC_DYNAMIC_NO_PIC = NO;
				GCC_ENABLE_OBJC_EXCEPTIONS = YES;
				GCC_OPTIMIZATION_LEVEL = 0;
				GCC_PREPROCESSOR_DEFINITIONS = (
					"DEBUG=1",
					"$(inherited)",
				);
				GCC_SYMBOLS_PRIVATE_EXTERN = NO;
				GCC_WARN_64_TO_32_BIT_CONVERSION = YES;
				GCC_WARN_ABOUT_RETURN_TYPE = YES;
				GCC_WARN_UNINITIALIZED_AUTOS = YES;
				GCC_WARN_UNUSED_VARIABLE = YES;
				MACOSX_DEPLOYMENT_TARGET = 10.8;
				ONLY_ACTIVE_ARCH = YES;
				SDKROOT = macosx;
			};
			name = Debug;
		};
		C3E0961F16931A6E00CCC9AB /* Release */ = {
			isa = XCBuildConfiguration;
			buildSettings = {
				ALWAYS_SEARCH_USER_PATHS = NO;
				ARCHS = "$(ARCHS_STANDARD_64_BIT)";
				CLANG_CXX_LANGUAGE_STANDARD = "gnu++0x";
				CLANG_CXX_LIBRARY = "libc++";
				CLANG_ENABLE_OBJC_ARC = YES;
				CLANG_WARN_EMPTY_BODY = YES;
				CLANG_WARN__DUPLICATE_METHOD_MATCH = YES;
				COPY_PHASE_STRIP = YES;
				DEBUG_INFORMATION_FORMAT = "dwarf-with-dsym";
				GCC_C_LANGUAGE_STANDARD = gnu99;
				GCC_ENABLE_OBJC_EXCEPTIONS = YES;
				GCC_WARN_64_TO_32_BIT_CONVERSION = YES;
				GCC_WARN_ABOUT_RETURN_TYPE = YES;
				GCC_WARN_UNINITIALIZED_AUTOS = YES;
				GCC_WARN_UNUSED_VARIABLE = YES;
				MACOSX_DEPLOYMENT_TARGET = 10.8;
				SDKROOT = macosx;
			};
			name = Release;
		};
		C3E0962116931A6E00CCC9AB /* Debug */ = {
			isa = XCBuildConfiguration;
			buildSettings = {
				CLANG_ENABLE_OBJC_ARC = YES;
				CODE_SIGN_IDENTITY = "Mac Developer";
				COMBINE_HIDPI_IMAGES = YES;
				GCC_PRECOMPILE_PREFIX_HEADER = YES;
				GCC_PREFIX_HEADER = "Mute/Mute-Prefix.pch";
				INFOPLIST_FILE = "Mute/Mute-Info.plist";
				MACOSX_DEPLOYMENT_TARGET = 10.6.8;
				PRODUCT_NAME = "$(TARGET_NAME)";
				WRAPPER_EXTENSION = app;
			};
			name = Debug;
		};
		C3E0962216931A6E00CCC9AB /* Release */ = {
			isa = XCBuildConfiguration;
			buildSettings = {
				CLANG_ENABLE_OBJC_ARC = YES;
				CODE_SIGN_IDENTITY = "Mac Developer";
				COMBINE_HIDPI_IMAGES = YES;
				GCC_PRECOMPILE_PREFIX_HEADER = YES;
				GCC_PREFIX_HEADER = "Mute/Mute-Prefix.pch";
				INFOPLIST_FILE = "Mute/Mute-Info.plist";
				MACOSX_DEPLOYMENT_TARGET = 10.6.8;
				PRODUCT_NAME = "$(TARGET_NAME)";
				WRAPPER_EXTENSION = app;
			};
			name = Release;
		};
/* End XCBuildConfiguration section */

/* Begin XCConfigurationList section */
		C3E095FC16931A6E00CCC9AB /* Build configuration list for PBXProject "Mute" */ = {
			isa = XCConfigurationList;
			buildConfigurations = (
				C3E0961E16931A6E00CCC9AB /* Debug */,
				C3E0961F16931A6E00CCC9AB /* Release */,
			);
			defaultConfigurationIsVisible = 0;
			defaultConfigurationName = Release;
		};
		C3E0962016931A6E00CCC9AB /* Build configuration list for PBXNativeTarget "Mute" */ = {
			isa = XCConfigurationList;
			buildConfigurations = (
				C3E0962116931A6E00CCC9AB /* Debug */,
				C3E0962216931A6E00CCC9AB /* Release */,
			);
			defaultConfigurationIsVisible = 0;
			defaultConfigurationName = Release;
		};
/* End XCConfigurationList section */
	};
	rootObject = C3E095F916931A6E00CCC9AB /* Project object */;
}
